
Microsoft Visual Studio Solution File, Format Version 12.00
# Visual Studio Version 16
VisualStudioVersion = 16.0.30204.135
MinimumVisualStudioVersion = 10.0.40219.1
Project("{FAE04EC0-301F-11D3-BF4B-00C04F79EFBC}") = "UdpServer", "UdpServer\UdpServer.csproj", "{141CF77E-0B41-4829-9631-65E905B349F7}"
EndProject
Project("{FAE04EC0-301F-11D3-BF4B-00C04F79EFBC}") = "UdpClient", "UdpClient\UdpClient.csproj", "{4C9757AB-100B-4A21-A5AF-1288BF8F18C1}"
EndProject
Global
	GlobalSection(SolutionConfigurationPlatforms) = preSolution
		Debug|Any CPU = Debug|Any CPU
		Release|Any CPU = Release|Any CPU
	EndGlobalSection
	GlobalSection(ProjectConfigurationPlatforms) = postSolution
		{141CF77E-0B41-4829-9631-65E905B349F7}.Debug|Any CPU.ActiveCfg = Debug|Any CPU
		{141CF77E-0B41-4829-9631-65E905B349F7}.Debug|Any CPU.Build.0 = Debug|Any CPU
		{141CF77E-0B41-4829-9631-65E905B349F7}.Release|Any CPU.ActiveCfg = Release|Any CPU
		{141CF77E-0B41-4829-9631-65E905B349F7}.Release|Any CPU.Build.0 = Release|Any CPU
		{4C9757AB-100B-4A21-A5AF-1288BF8F18C1}.Debug|Any CPU.ActiveCfg = Debug|Any CPU
		{4C9757AB-100B-4A21-A5AF-1288BF8F18C1}.Debug|Any CPU.Build.0 = Debug|Any CPU
		{4C9757AB-100B-4A21-A5AF-1288BF8F18C1}.Release|Any CPU.ActiveCfg = Release|Any CPU
		{4C9757AB-100B-4A21-A5AF-1288BF8F18C1}.Release|Any CPU.Build.0 = Release|Any CPU
	EndGlobalSection
	GlobalSection(SolutionProperties) = preSolution
		HideSolutionNode = FALSE
	EndGlobalSection
	GlobalSection(ExtensibilityGlobals) = postSolution
		SolutionGuid = {BAA6752E-8F8C-405D-B8BE-52B26560D2D7}
	EndGlobalSection
EndGlobal
